
Microsoft Visual Studio Solution File, Format Version 12.00
# Visual Studio Version 16
VisualStudioVersion = 16.0.30503.244
MinimumVisualStudioVersion = 10.0.40219.1
Project("{FAE04EC0-301F-11D3-BF4B-00C04F79EFBC}") = "DAL", "DAL\DAL.csproj", "{B7A3864A-B50F-4461-B490-7D7B7F81D5B8}"
EndProject
Project("{FAE04EC0-301F-11D3-BF4B-00C04F79EFBC}") = "BLL", "BLL\BLL.csproj", "{0812B6B2-A135-4859-836D-1B258BD3FF8A}"
EndProject
Project("{FAE04EC0-301F-11D3-BF4B-00C04F79EFBC}") = "Model", "Model\Model.csproj", "{CA91368F-5214-4F81-A879-4BB2595EC67E}"
EndProject
Project("{FAE04EC0-301F-11D3-BF4B-00C04F79EFBC}") = "API", "API\API.csproj", "{2A3B4B6C-E4CB-4252-BD52-5CE2B5B58F94}"
EndProject
Global
	GlobalSection(SolutionConfigurationPlatforms) = preSolution
		Debug|Any CPU = Debug|Any CPU
		Release|Any CPU = Release|Any CPU
	EndGlobalSection
	GlobalSection(ProjectConfigurationPlatforms) = postSolution
		{B7A3864A-B50F-4461-B490-7D7B7F81D5B8}.Debug|Any CPU.ActiveCfg = Debug|Any CPU
		{B7A3864A-B50F-4461-B490-7D7B7F81D5B8}.Debug|Any CPU.Build.0 = Debug|Any CPU
		{B7A3864A-B50F-4461-B490-7D7B7F81D5B8}.Release|Any CPU.ActiveCfg = Release|Any CPU
		{B7A3864A-B50F-4461-B490-7D7B7F81D5B8}.Release|Any CPU.Build.0 = Release|Any CPU
		{0812B6B2-A135-4859-836D-1B258BD3FF8A}.Debug|Any CPU.ActiveCfg = Debug|Any CPU
		{0812B6B2-A135-4859-836D-1B258BD3FF8A}.Debug|Any CPU.Build.0 = Debug|Any CPU
		{0812B6B2-A135-4859-836D-1B258BD3FF8A}.Release|Any CPU.ActiveCfg = Release|Any CPU
		{0812B6B2-A135-4859-836D-1B258BD3FF8A}.Release|Any CPU.Build.0 = Release|Any CPU
		{CA91368F-5214-4F81-A879-4BB2595EC67E}.Debug|Any CPU.ActiveCfg = Debug|Any CPU
		{CA91368F-5214-4F81-A879-4BB2595EC67E}.Debug|Any CPU.Build.0 = Debug|Any CPU
		{CA91368F-5214-4F81-A879-4BB2595EC67E}.Release|Any CPU.ActiveCfg = Release|Any CPU
		{CA91368F-5214-4F81-A879-4BB2595EC67E}.Release|Any CPU.Build.0 = Release|Any CPU
		{2A3B4B6C-E4CB-4252-BD52-5CE2B5B58F94}.Debug|Any CPU.ActiveCfg = Debug|Any CPU
		{2A3B4B6C-E4CB-4252-BD52-5CE2B5B58F94}.Debug|Any CPU.Build.0 = Debug|Any CPU
		{2A3B4B6C-E4CB-4252-BD52-5CE2B5B58F94}.Release|Any CPU.ActiveCfg = Release|Any CPU
		{2A3B4B6C-E4CB-4252-BD52-5CE2B5B58F94}.Release|Any CPU.Build.0 = Release|Any CPU
	EndGlobalSection
	GlobalSection(SolutionProperties) = preSolution
		HideSolutionNode = FALSE
	EndGlobalSection
	GlobalSection(ExtensibilityGlobals) = postSolution
		SolutionGuid = {B2DD3DB8-2DC6-437E-8309-B348234F1C61}
	EndGlobalSection
EndGlobal
